
Microsoft Visual Studio Solution File, Format Version 12.00
# Visual Studio Version 18
VisualStudioVersion = 18.6.11822.322
MinimumVisualStudioVersion = 10.0.40219.1
Project("{9A19103F-16F7-4668-BE54-9A1E7A4F7556}") = "BillysToolbox", "BillysToolbox\BillysToolbox.csproj", "{272A8BB7-46EA-430D-B1E2-E8A01936F800}"
EndProject
Project("{9A19103F-16F7-4668-BE54-9A1E7A4F7556}") = "kartlib", "kartlib\kartlib.csproj", "{1A2F4215-001D-4387-8919-9A245D6F4932}"
EndProject
Project("{9A19103F-16F7-4668-BE54-9A1E7A4F7556}") = "binaryend", "binaryend\binaryend.csproj", "{ED737C44-75F6-4F5A-9BF7-A25283F2C232}"
EndProject
Project("{FAE04EC0-301F-11D3-BF4B-00C04F79EFBC}") = "drawlib", "drawlib\drawlib.csproj", "{20B622D2-EE1F-4A39-B2B2-451B5E4087D5}"
EndProject
Project("{FAE04EC0-301F-11D3-BF4B-00C04F79EFBC}") = "mathlib", "mathlib\mathlib.csproj", "{27B080F1-FFEC-488E-B5E5-6490569EEAAF}"
EndProject
Global
	GlobalSection(SolutionConfigurationPlatforms) = preSolution
		Debug|Any CPU = Debug|Any CPU
		Release|Any CPU = Release|Any CPU
	EndGlobalSection
	GlobalSection(ProjectConfigurationPlatforms) = postSolution
		{272A8BB7-46EA-430D-B1E2-E8A01936F800}.Debug|Any CPU.ActiveCfg = Debug|Any CPU
		{272A8BB7-46EA-430D-B1E2-E8A01936F800}.Debug|Any CPU.Build.0 = Debug|Any CPU
		{272A8BB7-46EA-430D-B1E2-E8A01936F800}.Release|Any CPU.ActiveCfg = Release|Any CPU
		{272A8BB7-46EA-430D-B1E2-E8A01936F800}.Release|Any CPU.Build.0 = Release|Any CPU
		{1A2F4215-001D-4387-8919-9A245D6F4932}.Debug|Any CPU.ActiveCfg = Debug|Any CPU
		{1A2F4215-001D-4387-8919-9A245D6F4932}.Debug|Any CPU.Build.0 = Debug|Any CPU
		{1A2F4215-001D-4387-8919-9A245D6F4932}.Release|Any CPU.ActiveCfg = Release|Any CPU
		{1A2F4215-001D-4387-8919-9A245D6F4932}.Release|Any CPU.Build.0 = Release|Any CPU
		{ED737C44-75F6-4F5A-9BF7-A25283F2C232}.Debug|Any CPU.ActiveCfg = Debug|Any CPU
		{ED737C44-75F6-4F5A-9BF7-A25283F2C232}.Debug|Any CPU.Build.0 = Debug|Any CPU
		{ED737C44-75F6-4F5A-9BF7-A25283F2C232}.Release|Any CPU.ActiveCfg = Release|Any CPU
		{ED737C44-75F6-4F5A-9BF7-A25283F2C232}.Release|Any CPU.Build.0 = Release|Any CPU
		{20B622D2-EE1F-4A39-B2B2-451B5E4087D5}.Debug|Any CPU.ActiveCfg = Debug|Any CPU
		{20B622D2-EE1F-4A39-B2B2-451B5E4087D5}.Debug|Any CPU.Build.0 = Debug|Any CPU
		{20B622D2-EE1F-4A39-B2B2-451B5E4087D5}.Release|Any CPU.ActiveCfg = Release|Any CPU
		{20B622D2-EE1F-4A39-B2B2-451B5E4087D5}.Release|Any CPU.Build.0 = Release|Any CPU
		{27B080F1-FFEC-488E-B5E5-6490569EEAAF}.Debug|Any CPU.ActiveCfg = Debug|Any CPU
		{27B080F1-FFEC-488E-B5E5-6490569EEAAF}.Debug|Any CPU.Build.0 = Debug|Any CPU
		{27B080F1-FFEC-488E-B5E5-6490569EEAAF}.Release|Any CPU.ActiveCfg = Release|Any CPU
		{27B080F1-FFEC-488E-B5E5-6490569EEAAF}.Release|Any CPU.Build.0 = Release|Any CPU
	EndGlobalSection
	GlobalSection(SolutionProperties) = preSolution
		HideSolutionNode = FALSE
	EndGlobalSection
	GlobalSection(ExtensibilityGlobals) = postSolution
		SolutionGuid = {8B6B0989-1263-464B-BB57-40E771D677AD}
	EndGlobalSection
EndGlobal
